{
  "name": "eos-webpack-cli",
  "version": "1.0.0",
  "lockfileVersion": 1,
  "requires": true,
  "dependencies": {
    "webpack": {
      "version": "4.44.2",
      "resolved": "https://registry.npm.taobao.org/webpack/download/webpack-4.44.2.tgz?cache=0&sync_timestamp=1603384264717&other_urls=https%3A%2F%2Fregistry.npm.taobao.org%2Fwebpack%2Fdownload%2Fwebpack-4.44.2.tgz",
      "dev": true,
      "requires": {
        "@webassemblyjs/ast": "1.9.0",
        "@webassemblyjs/helper-module-context": "1.9.0",
        "@webassemblyjs/wasm-edit": "1.9.0",
        "@webassemblyjs/wasm-parser": "1.9.0",
        "acorn": "^6.4.1",
        "ajv": "^6.10.2",
        "ajv-keywords": "^3.4.1",
        "chrome-trace-event": "^1.0.2",
        "enhanced-resolve": "^4.3.0",
        "eslint-scope": "^4.0.3",
        "json-parse-better-errors": "^1.0.2",
        "loader-runner": "^2.4.0",
        "loader-utils": "^1.2.3",
        "memory-fs": "^0.4.1",
        "micromatch": "^3.1.10",
        "mkdirp": "^0.5.3",
        "neo-async": "^2.6.1",
        "node-libs-browser": "^2.2.1",
        "schema-utils": "^1.0.0",
        "tapable": "^1.1.3",
        "terser-webpack-plugin": "^1.4.3",
        "watchpack": "^1.7.4",
        "webpack-sources": "^1.4.1"
      },
      "dependencies": {
        "@webassemblyjs/ast": {
          "version": "1.9.0",
          "resolved": "https://registry.npm.taobao.org/@webassemblyjs/ast/download/@webassemblyjs/ast-1.9.0.tgz",
          "dev": true,
          "dependencies": {
            "@webassemblyjs/helper-module-context": {
              "version": "https://registry.npm.taobao.org/@webassemblyjs/helper-module-context/download/@webassemblyjs/helper-module-context-1.9.0.tgz",
              "bundled": true
            },
            "@webassemblyjs/helper-wasm-bytecode": {
              "version": "https://registry.npm.taobao.org/@webassemblyjs/helper-wasm-bytecode/download/@webassemblyjs/helper-wasm-bytecode-1.9.0.tgz",
              "bundled": true
            },
            "@webassemblyjs/wast-parser": {
              "version": "https://registry.npm.taobao.org/@webassemblyjs/wast-parser/download/@webassemblyjs/wast-parser-1.9.0.tgz",
              "bundled": true
            }
          }
        },
        "@webassemblyjs/helper-module-context": {
          "version": "1.9.0",
          "resolved": "https://registry.npm.taobao.org/@webassemblyjs/helper-module-context/download/@webassemblyjs/helper-module-context-1.9.0.tgz",
          "dev": true,
          "dependencies": {
            "@webassemblyjs/ast": {
              "version": "https://registry.npm.taobao.org/@webassemblyjs/ast/download/@webassemblyjs/ast-1.9.0.tgz",
              "bundled": true,
              "dependencies": {
                "@webassemblyjs/helper-module-context": {
                  "version": "https://registry.npm.taobao.org/@webassemblyjs/helper-module-context/download/@webassemblyjs/helper-module-context-1.9.0.tgz",
                  "bundled": true
                },
                "@webassemblyjs/helper-wasm-bytecode": {
                  "version": "https://registry.npm.taobao.org/@webassemblyjs/helper-wasm-bytecode/download/@webassemblyjs/helper-wasm-bytecode-1.9.0.tgz",
                  "bundled": true
                },
                "@webassemblyjs/wast-parser": {
                  "version": "https://registry.npm.taobao.org/@webassemblyjs/wast-parser/download/@webassemblyjs/wast-parser-1.9.0.tgz",
                  "bundled": true
                }
              }
            }
          }
        },
        "@webassemblyjs/wasm-edit": {
          "version": "1.9.0",
          "resolved": "https://registry.npm.taobao.org/@webassemblyjs/wasm-edit/download/@webassemblyjs/wasm-edit-1.9.0.tgz",
          "dev": true,
          "dependencies": {
            "@webassemblyjs/ast": {
              "version": "https://registry.npm.taobao.org/@webassemblyjs/ast/download/@webassemblyjs/ast-1.9.0.tgz",
              "bundled": true,
              "dependencies": {
                "@webassemblyjs/helper-module-context": {
                  "version": "https://registry.npm.taobao.org/@webassemblyjs/helper-module-context/download/@webassemblyjs/helper-module-context-1.9.0.tgz",
                  "bundled": true
                },
                "@webassemblyjs/helper-wasm-bytecode": {
                  "version": "https://registry.npm.taobao.org/@webassemblyjs/helper-wasm-bytecode/download/@webassemblyjs/helper-wasm-bytecode-1.9.0.tgz",
                  "bundled": true
                },
                "@webassemblyjs/wast-parser": {
                  "version": "https://registry.npm.taobao.org/@webassemblyjs/wast-parser/download/@webassemblyjs/wast-parser-1.9.0.tgz",
                  "bundled": true
                }
              }
            },
            "@webassemblyjs/helper-buffer": {
              "version": "https://registry.npm.taobao.org/@webassemblyjs/helper-buffer/download/@webassemblyjs/helper-buffer-1.9.0.tgz",
              "bundled": true
            },
            "@webassemblyjs/helper-wasm-bytecode": {
              "version": "https://registry.npm.taobao.org/@webassemblyjs/helper-wasm-bytecode/download/@webassemblyjs/helper-wasm-bytecode-1.9.0.tgz",
              "bundled": true
            },
            "@webassemblyjs/helper-wasm-section": {
              "version": "https://registry.npm.taobao.org/@webassemblyjs/helper-wasm-section/download/@webassemblyjs/helper-wasm-section-1.9.0.tgz",
              "bundled": true
            },
            "@webassemblyjs/wasm-gen": {
              "version": "https://registry.npm.taobao.org/@webassemblyjs/wasm-gen/download/@webassemblyjs/wasm-gen-1.9.0.tgz",
              "bundled": true,
              "dependencies": {
                "@webassemblyjs/ast": {
                  "version": "https://registry.npm.taobao.org/@webassemblyjs/ast/download/@webassemblyjs/ast-1.9.0.tgz",
                  "bundled": true,
                  "dependencies": {
                    "@webassemblyjs/helper-module-context": {
                      "version": "https://registry.npm.taobao.org/@webassemblyjs/helper-module-context/download/@webassemblyjs/helper-module-context-1.9.0.tgz",
                      "bundled": true
                    },
                    "@webassemblyjs/helper-wasm-bytecode": {
                      "version": "https://registry.npm.taobao.org/@webassemblyjs/helper-wasm-bytecode/download/@webassemblyjs/helper-wasm-bytecode-1.9.0.tgz",
                      "bundled": true
                    },
                    "@webassemblyjs/wast-parser": {
                      "version": "https://registry.npm.taobao.org/@webassemblyjs/wast-parser/download/@webassemblyjs/wast-parser-1.9.0.tgz",
                      "bundled": true
                    }
                  }
                },
                "@webassemblyjs/helper-wasm-bytecode": {
                  "version": "https://registry.npm.taobao.org/@webassemblyjs/helper-wasm-bytecode/download/@webassemblyjs/helper-wasm-bytecode-1.9.0.tgz",
                  "bundled": true
                },
                "@webassemblyjs/ieee754": {
                  "version": "https://registry.npm.taobao.org/@webassemblyjs/ieee754/download/@webassemblyjs/ieee754-1.9.0.tgz",
                  "bundled": true
                },
                "@webassemblyjs/leb128": {
                  "version": "https://registry.npm.taobao.org/@webassemblyjs/leb128/download/@webassemblyjs/leb128-1.9.0.tgz",
                  "bundled": true,
                  "dependencies": {
                    "@xtuc/long": {
                      "version": "https://registry.npm.taobao.org/@xtuc/long/download/@xtuc/long-4.2.2.tgz",
                      "bundled": true
                    }
                  }
                },
                "@webassemblyjs/utf8": {
                  "version": "https://registry.npm.taobao.org/@webassemblyjs/utf8/download/@webassemblyjs/utf8-1.9.0.tgz",
                  "bundled": true
                }
              }
            },
            "@webassemblyjs/wasm-opt": {
              "version": "https://registry.npm.taobao.org/@webassemblyjs/wasm-opt/download/@webassemblyjs/wasm-opt-1.9.0.tgz",
              "bundled": true
            },
            "@webassemblyjs/wasm-parser": {
              "version": "https://registry.npm.taobao.org/@webassemblyjs/wasm-parser/download/@webassemblyjs/wasm-parser-1.9.0.tgz",
              "bundled": true,
              "dependencies": {
                "@webassemblyjs/ast": {
                  "version": "https://registry.npm.taobao.org/@webassemblyjs/ast/download/@webassemblyjs/ast-1.9.0.tgz",
                  "bundled": true,
                  "dependencies": {
                    "@webassemblyjs/helper-module-context": {
                      "version": "https://registry.npm.taobao.org/@webassemblyjs/helper-module-context/download/@webassemblyjs/helper-module-context-1.9.0.tgz",
                      "bundled": true
                    },
                    "@webassemblyjs/helper-wasm-bytecode": {
                      "version": "https://registry.npm.taobao.org/@webassemblyjs/helper-wasm-bytecode/download/@webassemblyjs/helper-wasm-bytecode-1.9.0.tgz",
                      "bundled": true
                    },
                    "@webassemblyjs/wast-parser": {
                      "version": "https://registry.npm.taobao.org/@webassemblyjs/wast-parser/download/@webassemblyjs/wast-parser-1.9.0.tgz",
                      "bundled": true
                    }
                  }
                },
                "@webassemblyjs/helper-api-error": {
                  "version": "https://registry.npm.taobao.org/@webassemblyjs/helper-api-error/download/@webassemblyjs/helper-api-error-1.9.0.tgz",
                  "bundled": true
                },
                "@webassemblyjs/helper-wasm-bytecode": {
                  "version": "https://registry.npm.taobao.org/@webassemblyjs/helper-wasm-bytecode/download/@webassemblyjs/helper-wasm-bytecode-1.9.0.tgz",
                  "bundled": true
                },
                "@webassemblyjs/ieee754": {
                  "version": "https://registry.npm.taobao.org/@webassemblyjs/ieee754/download/@webassemblyjs/ieee754-1.9.0.tgz",
                  "bundled": true,
                  "dependencies": {
                    "@xtuc/ieee754": {
                      "version": "https://registry.npm.taobao.org/@xtuc/ieee754/download/@xtuc/ieee754-1.2.0.tgz",
                      "bundled": true
                    }
                  }
                },
                "@webassemblyjs/leb128": {
                  "version": "https://registry.npm.taobao.org/@webassemblyjs/leb128/download/@webassemblyjs/leb128-1.9.0.tgz",
                  "bundled": true
                },
                "@webassemblyjs/utf8": {
                  "version": "https://registry.npm.taobao.org/@webassemblyjs/utf8/download/@webassemblyjs/utf8-1.9.0.tgz",
                  "bundled": true
                }
              }
            },
            "@webassemblyjs/wast-printer": {
              "version": "https://registry.npm.taobao.org/@webassemblyjs/wast-printer/download/@webassemblyjs/wast-printer-1.9.0.tgz",
              "bundled": true,
              "dependencies": {
                "@webassemblyjs/ast": {
                  "version": "https://registry.npm.taobao.org/@webassemblyjs/ast/download/@webassemblyjs/ast-1.9.0.tgz",
                  "bundled": true,
                  "dependencies": {
                    "@webassemblyjs/helper-module-context": {
                      "version": "https://registry.npm.taobao.org/@webassemblyjs/helper-module-context/download/@webassemblyjs/helper-module-context-1.9.0.tgz",
                      "bundled": true
                    },
                    "@webassemblyjs/helper-wasm-bytecode": {
                      "version": "https://registry.npm.taobao.org/@webassemblyjs/helper-wasm-bytecode/download/@webassemblyjs/helper-wasm-bytecode-1.9.0.tgz",
                      "bundled": true
                    },
                    "@webassemblyjs/wast-parser": {
                      "version": "https://registry.npm.taobao.org/@webassemblyjs/wast-parser/download/@webassemblyjs/wast-parser-1.9.0.tgz",
                      "bundled": true
                    }
                  }
                },
                "@webassemblyjs/wast-parser": {
                  "version": "https://registry.npm.taobao.org/@webassemblyjs/wast-parser/download/@webassemblyjs/wast-parser-1.9.0.tgz",
                  "bundled": true,
                  "dependencies": {
                    "@webassemblyjs/ast": {
                      "version": "https://registry.npm.taobao.org/@webassemblyjs/ast/download/@webassemblyjs/ast-1.9.0.tgz",
                      "bundled": true,
                      "dependencies": {
                        "@webassemblyjs/helper-module-context": {
                          "version": "https://registry.npm.taobao.org/@webassemblyjs/helper-module-context/download/@webassemblyjs/helper-module-context-1.9.0.tgz",
                          "bundled": true
                        },
                        "@webassemblyjs/helper-wasm-bytecode": {
                          "version": "https://registry.npm.taobao.org/@webassemblyjs/helper-wasm-bytecode/download/@webassemblyjs/helper-wasm-bytecode-1.9.0.tgz",
                          "bundled": true
                        },
                        "@webassemblyjs/wast-parser": {
                          "version": "https://registry.npm.taobao.org/@webassemblyjs/wast-parser/download/@webassemblyjs/wast-parser-1.9.0.tgz",
                          "bundled": true
                        }
                      }
                    },
                    "@webassemblyjs/floating-point-hex-parser": {
                      "version": "https://registry.npm.taobao.org/@webassemblyjs/floating-point-hex-parser/download/@webassemblyjs/floating-point-hex-parser-1.9.0.tgz",
                      "bundled": true
                    },
                    "@webassemblyjs/helper-api-error": {
                      "version": "https://registry.npm.taobao.org/@webassemblyjs/helper-api-error/download/@webassemblyjs/helper-api-error-1.9.0.tgz",
                      "bundled": true
                    },
                    "@webassemblyjs/helper-code-frame": {
                      "version": "https://registry.npm.taobao.org/@webassemblyjs/helper-code-frame/download/@webassemblyjs/helper-code-frame-1.9.0.tgz",
                      "bundled": true
                    },
                    "@webassemblyjs/helper-fsm": {
                      "version": "https://registry.npm.taobao.org/@webassemblyjs/helper-fsm/download/@webassemblyjs/helper-fsm-1.9.0.tgz",
                      "bundled": true
                    },
                    "@xtuc/long": {
                      "version": "https://registry.npm.taobao.org/@xtuc/long/download/@xtuc/long-4.2.2.tgz",
                      "bundled": true
                    }
                  }
                },
                "@xtuc/long": {
                  "version": "https://registry.npm.taobao.org/@xtuc/long/download/@xtuc/long-4.2.2.tgz",
                  "bundled": true
                }
              }
            }
          }
        },
        "@webassemblyjs/wasm-parser": {
          "version": "1.9.0",
          "resolved": "https://registry.npm.taobao.org/@webassemblyjs/wasm-parser/download/@webassemblyjs/wasm-parser-1.9.0.tgz",
          "dev": true,
          "dependencies": {
            "@webassemblyjs/ast": {
              "version": "https://registry.npm.taobao.org/@webassemblyjs/ast/download/@webassemblyjs/ast-1.9.0.tgz",
              "bundled": true,
              "dependencies": {}
            },
            "@webassemblyjs/helper-api-error": {
              "version": "https://registry.npm.taobao.org/@webassemblyjs/helper-api-error/download/@webassemblyjs/helper-api-error-1.9.0.tgz",
              "bundled": true
            },
            "@webassemblyjs/helper-wasm-bytecode": {
              "version": "https://registry.npm.taobao.org/@webassemblyjs/helper-wasm-bytecode/download/@webassemblyjs/helper-wasm-bytecode-1.9.0.tgz",
              "bundled": true
            },
            "@webassemblyjs/ieee754": {
              "version": "https://registry.npm.taobao.org/@webassemblyjs/ieee754/download/@webassemblyjs/ieee754-1.9.0.tgz",
              "bundled": true,
              "dependencies": {}
            },
            "@webassemblyjs/leb128": {
              "version": "https://registry.npm.taobao.org/@webassemblyjs/leb128/download/@webassemblyjs/leb128-1.9.0.tgz",
              "bundled": true
            },
            "@webassemblyjs/utf8": {
              "version": "https://registry.npm.taobao.org/@webassemblyjs/utf8/download/@webassemblyjs/utf8-1.9.0.tgz",
              "bundled": true
            }
          }
        },
        "acorn": {
          "version": "6.4.2",
          "resolved": "https://registry.npm.taobao.org/acorn/download/acorn-6.4.2.tgz?cache=0&sync_timestamp=1602534280466&other_urls=https%3A%2F%2Fregistry.npm.taobao.org%2Facorn%2Fdownload%2Facorn-6.4.2.tgz",
          "dev": true
        },
        "ajv": {
          "version": "6.12.6",
          "resolved": "https://registry.npm.taobao.org/ajv/download/ajv-6.12.6.tgz?cache=0&sync_timestamp=1603561531202&other_urls=https%3A%2F%2Fregistry.npm.taobao.org%2Fajv%2Fdownload%2Fajv-6.12.6.tgz",
          "dev": true
        },
        "ajv-keywords": {
          "version": "3.5.2",
          "resolved": "https://registry.npm.taobao.org/ajv-keywords/download/ajv-keywords-3.5.2.tgz",
          "dev": true
        },
        "chrome-trace-event": {
          "version": "1.0.2",
          "resolved": "https://registry.npm.taobao.org/chrome-trace-event/download/chrome-trace-event-1.0.2.tgz",
          "dev": true,
          "dependencies": {
            "tslib": {
              "version": "https://registry.npm.taobao.org/tslib/download/tslib-1.14.1.tgz?cache=0&sync_timestamp=1602286724979&other_urls=https%3A%2F%2Fregistry.npm.taobao.org%2Ftslib%2Fdownload%2Ftslib-1.14.1.tgz",
              "bundled": true
            }
          }
        },
        "enhanced-resolve": {
          "version": "4.3.0",
          "resolved": "https://registry.npm.taobao.org/enhanced-resolve/download/enhanced-resolve-4.3.0.tgz?cache=0&sync_timestamp=1603455559394&other_urls=https%3A%2F%2Fregistry.npm.taobao.org%2Fenhanced-resolve%2Fdownload%2Fenhanced-resolve-4.3.0.tgz",
          "dev": true,
          "dependencies": {
            "graceful-fs": {
              "version": "https://registry.npm.taobao.org/graceful-fs/download/graceful-fs-4.2.4.tgz"
            },
            "memory-fs": {
              "version": "https://registry.npm.taobao.org/memory-fs/download/memory-fs-0.5.0.tgz?cache=0&sync_timestamp=1570537376335&other_urls=https%3A%2F%2Fregistry.npm.taobao.org%2Fmemory-fs%2Fdownload%2Fmemory-fs-0.5.0.tgz"
            },
            "tapable": {
              "version": "https://registry.npm.taobao.org/tapable/download/tapable-1.1.3.tgz?cache=0&sync_timestamp=1600381257656&other_urls=https%3A%2F%2Fregistry.npm.taobao.org%2Ftapable%2Fdownload%2Ftapable-1.1.3.tgz"
            }
          }
        },
        "eslint-scope": {
          "version": "4.0.3",
          "resolved": "https://registry.npm.taobao.org/eslint-scope/download/eslint-scope-4.0.3.tgz",
          "dev": true,
          "dependencies": {
            "esrecurse": {
              "version": "https://registry.npm.taobao.org/esrecurse/download/esrecurse-4.3.0.tgz"
            },
            "estraverse": {
              "version": "https://registry.npm.taobao.org/estraverse/download/estraverse-4.3.0.tgz?cache=0&sync_timestamp=1596642941915&other_urls=https%3A%2F%2Fregistry.npm.taobao.org%2Festraverse%2Fdownload%2Festraverse-4.3.0.tgz"
            }
          }
        },
        "json-parse-better-errors": {
          "version": "1.0.2",
          "resolved": "https://registry.npm.taobao.org/json-parse-better-errors/download/json-parse-better-errors-1.0.2.tgz",
          "dev": true
        },
        "loader-runner": {
          "version": "2.4.0",
          "resolved": "https://registry.npm.taobao.org/loader-runner/download/loader-runner-2.4.0.tgz",
          "dev": true
        },
        "loader-utils": {
          "version": "1.4.0",
          "resolved": "https://registry.npm.taobao.org/loader-utils/download/loader-utils-1.4.0.tgz?cache=0&sync_timestamp=1602337229152&other_urls=https%3A%2F%2Fregistry.npm.taobao.org%2Floader-utils%2Fdownload%2Floader-utils-1.4.0.tgz",
          "dev": true,
          "dependencies": {
            "big.js": {
              "version": "https://registry.npm.taobao.org/big.js/download/big.js-5.2.2.tgz",
              "bundled": true
            },
            "emojis-list": {
              "version": "https://registry.npm.taobao.org/emojis-list/download/emojis-list-3.0.0.tgz",
              "bundled": true
            },
            "json5": {
              "version": "https://registry.npm.taobao.org/json5/download/json5-1.0.1.tgz",
              "bundled": true,
              "dependencies": {
                "minimist": {
                  "version": "https://registry.npm.taobao.org/minimist/download/minimist-1.2.5.tgz",
                  "bundled": true
                }
              }
            }
          }
        },
        "memory-fs": {
          "version": "0.4.1",
          "resolved": "https://registry.npm.taobao.org/memory-fs/download/memory-fs-0.4.1.tgz?cache=0&sync_timestamp=1570537376335&other_urls=https%3A%2F%2Fregistry.npm.taobao.org%2Fmemory-fs%2Fdownload%2Fmemory-fs-0.4.1.tgz",
          "dev": true,
          "dependencies": {
            "errno": {
              "version": "https://registry.npm.taobao.org/errno/download/errno-0.1.7.tgz",
              "dependencies": {
                "prr": {
                  "version": "https://registry.npm.taobao.org/prr/download/prr-1.0.1.tgz",
                  "bundled": true
                }
              }
            },
            "readable-stream": {
              "version": "https://registry.npm.taobao.org/readable-stream/download/readable-stream-2.3.7.tgz",
              "dependencies": {
                "core-util-is": {
                  "version": "https://registry.npm.taobao.org/core-util-is/download/core-util-is-1.0.2.tgz"
                },
                "inherits": {
                  "version": "https://registry.npm.taobao.org/inherits/download/inherits-2.0.4.tgz"
                },
                "isarray": {
                  "version": "https://registry.npm.taobao.org/isarray/download/isarray-1.0.0.tgz"
                },
                "process-nextick-args": {
                  "version": "https://registry.npm.taobao.org/process-nextick-args/download/process-nextick-args-2.0.1.tgz"
                },
                "safe-buffer": {
                  "version": "https://registry.npm.taobao.org/safe-buffer/download/safe-buffer-5.1.2.tgz"
                },
                "string_decoder": {
                  "version": "https://registry.npm.taobao.org/string_decoder/download/string_decoder-1.1.1.tgz"
                },
                "util-deprecate": {
                  "version": "https://registry.npm.taobao.org/util-deprecate/download/util-deprecate-1.0.2.tgz"
                }
              }
            }
          }
        },
        "micromatch": {
          "version": "3.1.10",
          "resolved": "https://registry.npm.taobao.org/micromatch/download/micromatch-3.1.10.tgz",
          "dev": true,
          "dependencies": {
            "arr-diff": {
              "version": "https://registry.npm.taobao.org/arr-diff/download/arr-diff-4.0.0.tgz",
              "bundled": true
            },
            "array-unique": {
              "version": "https://registry.npm.taobao.org/array-unique/download/array-unique-0.3.2.tgz",
              "bundled": true
            },
            "braces": {
              "version": "https://registry.npm.taobao.org/braces/download/braces-2.3.2.tgz",
              "bundled": true
            },
            "define-property": {
              "version": "https://registry.npm.taobao.org/define-property/download/define-property-2.0.2.tgz",
              "bundled": true,
              "dependencies": {
                "is-descriptor": {
                  "version": "https://registry.npm.taobao.org/is-descriptor/download/is-descriptor-1.0.2.tgz",
                  "bundled": true
                },
                "isobject": {
                  "version": "https://registry.npm.taobao.org/isobject/download/isobject-3.0.1.tgz",
                  "bundled": true
                }
              }
            },
            "extend-shallow": {
              "version": "https://registry.npm.taobao.org/extend-shallow/download/extend-shallow-3.0.2.tgz",
              "bundled": true,
              "dependencies": {
                "assign-symbols": {
                  "version": "https://registry.npm.taobao.org/assign-symbols/download/assign-symbols-1.0.0.tgz",
                  "bundled": true
                },
                "is-extendable": {
                  "version": "https://registry.npm.taobao.org/is-extendable/download/is-extendable-1.0.1.tgz",
                  "bundled": true,
                  "dependencies": {
                    "is-plain-object": {
                      "version": "https://registry.npm.taobao.org/is-plain-object/download/is-plain-object-2.0.4.tgz",
                      "bundled": true,
                      "dependencies": {
                        "isobject": {
                          "version": "https://registry.npm.taobao.org/isobject/download/isobject-3.0.1.tgz",
                          "bundled": true
                        }
                      }
                    }
                  }
                }
              }
            },
            "extglob": {
              "version": "https://registry.npm.taobao.org/extglob/download/extglob-2.0.4.tgz",
              "bundled": true
            },
            "fragment-cache": {
              "version": "https://registry.npm.taobao.org/fragment-cache/download/fragment-cache-0.2.1.tgz",
              "bundled": true,
              "dependencies": {
                "map-cache": {
                  "version": "https://registry.npm.taobao.org/map-cache/download/map-cache-0.2.2.tgz",
                  "bundled": true
                }
              }
            },
            "kind-of": {
              "version": "https://registry.npm.taobao.org/kind-of/download/kind-of-6.0.3.tgz",
              "bundled": true
            },
            "nanomatch": {
              "version": "https://registry.npm.taobao.org/nanomatch/download/nanomatch-1.2.13.tgz",
              "bundled": true
            },
            "object.pick": {
              "version": "https://registry.npm.taobao.org/object.pick/download/object.pick-1.3.0.tgz",
              "bundled": true,
              "dependencies": {
                "isobject": {
                  "version": "https://registry.npm.taobao.org/isobject/download/isobject-3.0.1.tgz",
                  "bundled": true
                }
              }
            },
            "regex-not": {
              "version": "https://registry.npm.taobao.org/regex-not/download/regex-not-1.0.2.tgz",
              "bundled": true,
              "dependencies": {
                "extend-shallow": {
                  "version": "https://registry.npm.taobao.org/extend-shallow/download/extend-shallow-3.0.2.tgz",
                  "bundled": true,
                  "dependencies": {
                    "assign-symbols": {
                      "version": "https://registry.npm.taobao.org/assign-symbols/download/assign-symbols-1.0.0.tgz",
                      "bundled": true
                    },
                    "is-extendable": {
                      "version": "https://registry.npm.taobao.org/is-extendable/download/is-extendable-1.0.1.tgz",
                      "bundled": true,
                      "dependencies": {}
                    }
                  }
                },
                "safe-regex": {
                  "version": "https://registry.npm.taobao.org/safe-regex/download/safe-regex-1.1.0.tgz",
                  "bundled": true
                }
              }
            },
            "snapdragon": {
              "version": "https://registry.npm.taobao.org/snapdragon/download/snapdragon-0.8.2.tgz",
              "bundled": true,
              "dependencies": {
                "base": {
                  "version": "https://registry.npm.taobao.org/base/download/base-0.11.2.tgz",
                  "bundled": true
                },
                "debug": {
                  "version": "https://registry.npm.taobao.org/debug/download/debug-2.6.9.tgz",
                  "bundled": true
                },
                "define-property": {
                  "version": "https://registry.npm.taobao.org/define-property/download/define-property-0.2.5.tgz",
                  "bundled": true,
                  "dependencies": {
                    "is-descriptor": {
                      "version": "https://registry.npm.taobao.org/is-descriptor/download/is-descriptor-0.1.6.tgz"
                    }
                  }
                },
                "extend-shallow": {
                  "version": "https://registry.npm.taobao.org/extend-shallow/download/extend-shallow-2.0.1.tgz",
                  "bundled": true,
                  "dependencies": {
                    "is-extendable": {
                      "version": "https://registry.npm.taobao.org/is-extendable/download/is-extendable-0.1.1.tgz"
                    }
                  }
                },
                "map-cache": {
                  "version": "https://registry.npm.taobao.org/map-cache/download/map-cache-0.2.2.tgz",
                  "bundled": true
                },
                "source-map": {
                  "version": "https://registry.npm.taobao.org/source-map/download/source-map-0.5.7.tgz",
                  "bundled": true
                },
                "source-map-resolve": {
                  "version": "https://registry.npm.taobao.org/source-map-resolve/download/source-map-resolve-0.5.3.tgz",
                  "bundled": true
                },
                "use": {
                  "version": "https://registry.npm.taobao.org/use/download/use-3.1.1.tgz",
                  "bundled": true
                }
              }
            },
            "to-regex": {
              "version": "https://registry.npm.taobao.org/to-regex/download/to-regex-3.0.2.tgz",
              "bundled": true,
              "dependencies": {
                "define-property": {
                  "version": "https://registry.npm.taobao.org/define-property/download/define-property-2.0.2.tgz",
                  "bundled": true
                },
                "extend-shallow": {
                  "version": "https://registry.npm.taobao.org/extend-shallow/download/extend-shallow-3.0.2.tgz",
                  "bundled": true,
                  "dependencies": {
                    "assign-symbols": {
                      "version": "https://registry.npm.taobao.org/assign-symbols/download/assign-symbols-1.0.0.tgz",
                      "bundled": true
                    },
                    "is-extendable": {
                      "version": "https://registry.npm.taobao.org/is-extendable/download/is-extendable-1.0.1.tgz",
                      "bundled": true,
                      "dependencies": {}
                    }
                  }
                },
                "regex-not": {
                  "version": "https://registry.npm.taobao.org/regex-not/download/regex-not-1.0.2.tgz",
                  "bundled": true,
                  "dependencies": {
                    "extend-shallow": {
                      "version": "https://registry.npm.taobao.org/extend-shallow/download/extend-shallow-3.0.2.tgz",
                      "bundled": true,
                      "dependencies": {}
                    },
                    "safe-regex": {
                      "version": "https://registry.npm.taobao.org/safe-regex/download/safe-regex-1.1.0.tgz",
                      "bundled": true
                    }
                  }
                },
                "safe-regex": {
                  "version": "https://registry.npm.taobao.org/safe-regex/download/safe-regex-1.1.0.tgz",
                  "bundled": true,
                  "dependencies": {
                    "ret": {
                      "version": "https://registry.npm.taobao.org/ret/download/ret-0.1.15.tgz",
                      "bundled": true
                    }
                  }
                }
              }
            }
          }
        },
        "mkdirp": {
          "version": "0.5.5",
          "resolved": "https://registry.npm.taobao.org/mkdirp/download/mkdirp-0.5.5.tgz?cache=0&sync_timestamp=1587535418745&other_urls=https%3A%2F%2Fregistry.npm.taobao.org%2Fmkdirp%2Fdownload%2Fmkdirp-0.5.5.tgz",
          "dev": true,
          "dependencies": {
            "minimist": {
              "version": "https://registry.npm.taobao.org/minimist/download/minimist-1.2.5.tgz",
              "bundled": true
            }
          }
        },
        "neo-async": {
          "version": "2.6.2",
          "resolved": "https://registry.npm.taobao.org/neo-async/download/neo-async-2.6.2.tgz?cache=0&sync_timestamp=1594317437265&other_urls=https%3A%2F%2Fregistry.npm.taobao.org%2Fneo-async%2Fdownload%2Fneo-async-2.6.2.tgz",
          "dev": true
        },
        "node-libs-browser": {
          "version": "2.2.1",
          "resolved": "https://registry.npm.taobao.org/node-libs-browser/download/node-libs-browser-2.2.1.tgz",
          "dev": true
        },
        "schema-utils": {
          "version": "1.0.0",
          "resolved": "https://registry.npm.taobao.org/schema-utils/download/schema-utils-1.0.0.tgz",
          "dev": true,
          "dependencies": {
            "ajv": {
              "version": "https://registry.npm.taobao.org/ajv/download/ajv-6.12.6.tgz?cache=0&sync_timestamp=1603561531202&other_urls=https%3A%2F%2Fregistry.npm.taobao.org%2Fajv%2Fdownload%2Fajv-6.12.6.tgz",
              "dependencies": {
                "fast-deep-equal": {
                  "version": "https://registry.npm.taobao.org/fast-deep-equal/download/fast-deep-equal-3.1.3.tgz?cache=0&sync_timestamp=1591599675178&other_urls=https%3A%2F%2Fregistry.npm.taobao.org%2Ffast-deep-equal%2Fdownload%2Ffast-deep-equal-3.1.3.tgz",
                  "bundled": true
                },
                "fast-json-stable-stringify": {
                  "version": "https://registry.npm.taobao.org/fast-json-stable-stringify/download/fast-json-stable-stringify-2.1.0.tgz",
                  "bundled": true
                },
                "json-schema-traverse": {
                  "version": "https://registry.npm.taobao.org/json-schema-traverse/download/json-schema-traverse-0.4.1.tgz",
                  "bundled": true
                },
                "uri-js": {
                  "version": "https://registry.npm.taobao.org/uri-js/download/uri-js-4.4.0.tgz",
                  "bundled": true
                }
              }
            },
            "ajv-errors": {
              "version": "https://registry.npm.taobao.org/ajv-errors/download/ajv-errors-1.0.1.tgz"
            },
            "ajv-keywords": {
              "version": "https://registry.npm.taobao.org/ajv-keywords/download/ajv-keywords-3.5.2.tgz"
            }
          }
        },
        "tapable": {
          "version": "1.1.3",
          "resolved": "https://registry.npm.taobao.org/tapable/download/tapable-1.1.3.tgz?cache=0&sync_timestamp=1600381257656&other_urls=https%3A%2F%2Fregistry.npm.taobao.org%2Ftapable%2Fdownload%2Ftapable-1.1.3.tgz",
          "dev": true
        },
        "terser-webpack-plugin": {
          "version": "1.4.5",
          "resolved": "https://registry.npm.taobao.org/terser-webpack-plugin/download/terser-webpack-plugin-1.4.5.tgz?cache=0&sync_timestamp=1603478658602&other_urls=https%3A%2F%2Fregistry.npm.taobao.org%2Fterser-webpack-plugin%2Fdownload%2Fterser-webpack-plugin-1.4.5.tgz",
          "dev": true
        },
        "watchpack": {
          "version": "1.7.4",
          "resolved": "https://registry.npm.taobao.org/watchpack/download/watchpack-1.7.4.tgz",
          "dev": true
        },
        "webpack-sources": {
          "version": "1.4.3",
          "resolved": "https://registry.npm.taobao.org/webpack-sources/download/webpack-sources-1.4.3.tgz?cache=0&sync_timestamp=1603697824445&other_urls=https%3A%2F%2Fregistry.npm.taobao.org%2Fwebpack-sources%2Fdownload%2Fwebpack-sources-1.4.3.tgz",
          "dev": true,
          "dependencies": {
            "source-list-map": {
              "version": "https://registry.npm.taobao.org/source-list-map/download/source-list-map-2.0.1.tgz"
            },
            "source-map": {
              "version": "https://registry.npm.taobao.org/source-map/download/source-map-0.6.1.tgz"
            }
          }
        }
      }
    }
  }
}
